
Microsoft Visual Studio Solution File, Format Version 12.00
# Visual Studio Version 16
VisualStudioVersion = 16.0.31729.503
MinimumVisualStudioVersion = 10.0.40219.1
Project("{FAE04EC0-301F-11D3-BF4B-00C04F79EFBC}") = "Datos", "Datos\Datos.csproj", "{2EA34ACB-778B-4133-9D67-BF66B99BB0CC}"
EndProject
Project("{FAE04EC0-301F-11D3-BF4B-00C04F79EFBC}") = "Negocio", "Negocio\Negocio.csproj", "{3EA77421-B494-49D9-B3B4-35B7C75C35A4}"
EndProject
Project("{FAE04EC0-301F-11D3-BF4B-00C04F79EFBC}") = "Presentacion", "Presentacion\Presentacion.csproj", "{D2B50D79-1C22-406A-A468-DDF3E4DFCBD5}"
EndProject
Project("{FAE04EC0-301F-11D3-BF4B-00C04F79EFBC}") = "PresentacionWeb", "PresentacionWeb\PresentacionWeb.csproj", "{1C6A08F8-8283-44C0-9BF4-F9A20BFD9A58}"
EndProject
Global
	GlobalSection(SolutionConfigurationPlatforms) = preSolution
		Debug|Any CPU = Debug|Any CPU
		Release|Any CPU = Release|Any CPU
	EndGlobalSection
	GlobalSection(ProjectConfigurationPlatforms) = postSolution
		{2EA34ACB-778B-4133-9D67-BF66B99BB0CC}.Debug|Any CPU.ActiveCfg = Debug|Any CPU
		{2EA34ACB-778B-4133-9D67-BF66B99BB0CC}.Debug|Any CPU.Build.0 = Debug|Any CPU
		{2EA34ACB-778B-4133-9D67-BF66B99BB0CC}.Release|Any CPU.ActiveCfg = Release|Any CPU
		{2EA34ACB-778B-4133-9D67-BF66B99BB0CC}.Release|Any CPU.Build.0 = Release|Any CPU
		{3EA77421-B494-49D9-B3B4-35B7C75C35A4}.Debug|Any CPU.ActiveCfg = Debug|Any CPU
		{3EA77421-B494-49D9-B3B4-35B7C75C35A4}.Debug|Any CPU.Build.0 = Debug|Any CPU
		{3EA77421-B494-49D9-B3B4-35B7C75C35A4}.Release|Any CPU.ActiveCfg = Release|Any CPU
		{3EA77421-B494-49D9-B3B4-35B7C75C35A4}.Release|Any CPU.Build.0 = Release|Any CPU
		{D2B50D79-1C22-406A-A468-DDF3E4DFCBD5}.Debug|Any CPU.ActiveCfg = Debug|Any CPU
		{D2B50D79-1C22-406A-A468-DDF3E4DFCBD5}.Debug|Any CPU.Build.0 = Debug|Any CPU
		{D2B50D79-1C22-406A-A468-DDF3E4DFCBD5}.Release|Any CPU.ActiveCfg = Release|Any CPU
		{D2B50D79-1C22-406A-A468-DDF3E4DFCBD5}.Release|Any CPU.Build.0 = Release|Any CPU
		{1C6A08F8-8283-44C0-9BF4-F9A20BFD9A58}.Debug|Any CPU.ActiveCfg = Debug|Any CPU
		{1C6A08F8-8283-44C0-9BF4-F9A20BFD9A58}.Debug|Any CPU.Build.0 = Debug|Any CPU
		{1C6A08F8-8283-44C0-9BF4-F9A20BFD9A58}.Release|Any CPU.ActiveCfg = Release|Any CPU
		{1C6A08F8-8283-44C0-9BF4-F9A20BFD9A58}.Release|Any CPU.Build.0 = Release|Any CPU
	EndGlobalSection
	GlobalSection(SolutionProperties) = preSolution
		HideSolutionNode = FALSE
	EndGlobalSection
	GlobalSection(ExtensibilityGlobals) = postSolution
		SolutionGuid = {9FBD7171-C565-4065-9048-D226664CE035}
	EndGlobalSection
EndGlobal
